// !$*UTF8*$!
{
	archiveVersion = 1;
	classes = {
	};
	objectVersion = 56;
	objects = {

/* Begin PBXBuildFile section */
		020833BB2B059FE700AE71E4 /* ImageCache.swift in Sources */ = {isa = PBXBuildFile; fileRef = 020833BA2B059FE700AE71E4 /* ImageCache.swift */; };
		0221188A2AF86B030098887D /* CollectionDetailView.swift in Sources */ = {isa = PBXBuildFile; fileRef = 022118892AF86B030098887D /* CollectionDetailView.swift */; };
		0221188C2AF86E000098887D /* SampleGridLayoutView.swift in Sources */ = {isa = PBXBuildFile; fileRef = 0221188B2AF86E000098887D /* SampleGridLayoutView.swift */; };
		0221188E2AF873DD0098887D /* ImageGridRow.swift in Sources */ = {isa = PBXBuildFile; fileRef = 0221188D2AF873DD0098887D /* ImageGridRow.swift */; };
		0238317C2B07DAB50058C217 /* EditableText.swift in Sources */ = {isa = PBXBuildFile; fileRef = 0238317B2B07DAB50058C217 /* EditableText.swift */; };
		023DBD3A2AFD662400AD254D /* DataSequence.swift in Sources */ = {isa = PBXBuildFile; fileRef = 023DBD392AFD662400AD254D /* DataSequence.swift */; };
		023DBD3C2AFDBE5E00AD254D /* KeychainManager.swift in Sources */ = {isa = PBXBuildFile; fileRef = 023DBD3B2AFDBE5E00AD254D /* KeychainManager.swift */; };
		023E8BCB2B17E777008E97EF /* TestInteractiveList.swift in Sources */ = {isa = PBXBuildFile; fileRef = 023E8BCA2B17E777008E97EF /* TestInteractiveList.swift */; };
		024EBFF52AF6CBD800D432BC /* CircleButton.swift in Sources */ = {isa = PBXBuildFile; fileRef = 024EBFF42AF6CBD800D432BC /* CircleButton.swift */; };
		024EBFF72AF7359500D432BC /* InteractiveListView.swift in Sources */ = {isa = PBXBuildFile; fileRef = 024EBFF62AF7359500D432BC /* InteractiveListView.swift */; };
		024EF0D92AFEB28900CB754B /* StyledButton.swift in Sources */ = {isa = PBXBuildFile; fileRef = 024EF0D82AFEB28900CB754B /* StyledButton.swift */; };
		025980AF2B0296A20065F69E /* StickyHeader.swift in Sources */ = {isa = PBXBuildFile; fileRef = 025980AE2B0296A20065F69E /* StickyHeader.swift */; };
		02630B5F2AFEEA500091DFD7 /* Extensions.swift in Sources */ = {isa = PBXBuildFile; fileRef = 02630B5E2AFEEA500091DFD7 /* Extensions.swift */; };
		027817852AFC6169002A9B31 /* MoreButton.swift in Sources */ = {isa = PBXBuildFile; fileRef = 027817842AFC6169002A9B31 /* MoreButton.swift */; };
		02DAC99F2AF55FFE001585A6 /* AccountView.swift in Sources */ = {isa = PBXBuildFile; fileRef = 02DAC99E2AF55FFE001585A6 /* AccountView.swift */; };
		02FC7A002AF428420043FA48 /* StageApp.swift in Sources */ = {isa = PBXBuildFile; fileRef = 02FC79FF2AF428420043FA48 /* StageApp.swift */; };
		02FC7A022AF428420043FA48 /* ContentView.swift in Sources */ = {isa = PBXBuildFile; fileRef = 02FC7A012AF428420043FA48 /* ContentView.swift */; };
		02FC7A042AF428430043FA48 /* Assets.xcassets in Resources */ = {isa = PBXBuildFile; fileRef = 02FC7A032AF428430043FA48 /* Assets.xcassets */; };
		02FC7A072AF428430043FA48 /* Preview Assets.xcassets in Resources */ = {isa = PBXBuildFile; fileRef = 02FC7A062AF428430043FA48 /* Preview Assets.xcassets */; };
		02FC7A112AF428430043FA48 /* StageTests.swift in Sources */ = {isa = PBXBuildFile; fileRef = 02FC7A102AF428430043FA48 /* StageTests.swift */; };
		02FC7A1B2AF428430043FA48 /* StageUITests.swift in Sources */ = {isa = PBXBuildFile; fileRef = 02FC7A1A2AF428430043FA48 /* StageUITests.swift */; };
		02FC7A1D2AF428430043FA48 /* StageUITestsLaunchTests.swift in Sources */ = {isa = PBXBuildFile; fileRef = 02FC7A1C2AF428430043FA48 /* StageUITestsLaunchTests.swift */; };
		02FC7A332AF428D40043FA48 /* Stage.swift in Sources */ = {isa = PBXBuildFile; fileRef = 02FC7A322AF428D40043FA48 /* Stage.swift */; };
		02FC7A442AF448A60043FA48 /* AuthView.swift in Sources */ = {isa = PBXBuildFile; fileRef = 02FC7A412AF448A60043FA48 /* AuthView.swift */; };
		02FC7A452AF448A60043FA48 /* ProfileView.swift in Sources */ = {isa = PBXBuildFile; fileRef = 02FC7A402AF448A60043FA48 /* ProfileView.swift */; };
		02FC7A462AF448A60043FA48 /* HighlightsView.swift in Sources */ = {isa = PBXBuildFile; fileRef = 02FC7A422AF448A60043FA48 /* HighlightsView.swift */; };
		02FC7A472AF448A60043FA48 /* CollectionsView.swift in Sources */ = {isa = PBXBuildFile; fileRef = 02FC7A432AF448A60043FA48 /* CollectionsView.swift */; };
		02FC7A552AF448AF0043FA48 /* ProfileImage.swift in Sources */ = {isa = PBXBuildFile; fileRef = 02FC7A4B2AF448AE0043FA48 /* ProfileImage.swift */; };
		02FC7A562AF448AF0043FA48 /* ImagePicker.swift in Sources */ = {isa = PBXBuildFile; fileRef = 02FC7A482AF448AE0043FA48 /* ImagePicker.swift */; };
		02FC7A572AF448AF0043FA48 /* TabBarView.swift in Sources */ = {isa = PBXBuildFile; fileRef = 02FC7A532AF448AF0043FA48 /* TabBarView.swift */; };
		02FC7A582AF448AF0043FA48 /* ColorPickerView.swift in Sources */ = {isa = PBXBuildFile; fileRef = 02FC7A4C2AF448AE0043FA48 /* ColorPickerView.swift */; };
		02FC7A592AF448AF0043FA48 /* SlidingImage.swift in Sources */ = {isa = PBXBuildFile; fileRef = 02FC7A542AF448AF0043FA48 /* SlidingImage.swift */; };
		02FC7A5A2AF448AF0043FA48 /* ContactButton.swift in Sources */ = {isa = PBXBuildFile; fileRef = 02FC7A522AF448AF0043FA48 /* ContactButton.swift */; };
		02FC7A5B2AF448AF0043FA48 /* NavigationBar.swift in Sources */ = {isa = PBXBuildFile; fileRef = 02FC7A4F2AF448AF0043FA48 /* NavigationBar.swift */; };
		02FC7A5D2AF448AF0043FA48 /* BannerImage.swift in Sources */ = {isa = PBXBuildFile; fileRef = 02FC7A512AF448AF0043FA48 /* BannerImage.swift */; };
		02FC7A5E2AF448AF0043FA48 /* ImageSlider.swift in Sources */ = {isa = PBXBuildFile; fileRef = 02FC7A4A2AF448AE0043FA48 /* ImageSlider.swift */; };
		02FC7A6A2AF448B70043FA48 /* StageController.swift in Sources */ = {isa = PBXBuildFile; fileRef = 02FC7A632AF448B70043FA48 /* StageController.swift */; };
		02FC7A6B2AF448B70043FA48 /* AuthController.swift in Sources */ = {isa = PBXBuildFile; fileRef = 02FC7A682AF448B70043FA48 /* AuthController.swift */; };
		02FC7A6C2AF448B70043FA48 /* ImageSliderController.swift in Sources */ = {isa = PBXBuildFile; fileRef = 02FC7A662AF448B70043FA48 /* ImageSliderController.swift */; };
		02FC7A6D2AF448B70043FA48 /* RemoteStorageController.swift in Sources */ = {isa = PBXBuildFile; fileRef = 02FC7A622AF448B70043FA48 /* RemoteStorageController.swift */; };
		02FC7A6E2AF448B70043FA48 /* ImageController.swift in Sources */ = {isa = PBXBuildFile; fileRef = 02FC7A652AF448B70043FA48 /* ImageController.swift */; };
		02FC7A6F2AF448B70043FA48 /* ThemeController.swift in Sources */ = {isa = PBXBuildFile; fileRef = 02FC7A642AF448B70043FA48 /* ThemeController.swift */; };
		02FC7A722AF448EB0043FA48 /* Supabase in Frameworks */ = {isa = PBXBuildFile; productRef = 02FC7A712AF448EB0043FA48 /* Supabase */; };
		02FC7A742AF449040043FA48 /* _Secrets.swift in Sources */ = {isa = PBXBuildFile; fileRef = 02FC7A732AF449040043FA48 /* _Secrets.swift */; };
/* End PBXBuildFile section */

/* Begin PBXContainerItemProxy section */
		02FC7A0D2AF428430043FA48 /* PBXContainerItemProxy */ = {
			isa = PBXContainerItemProxy;
			containerPortal = 02FC79F42AF428420043FA48 /* Project object */;
			proxyType = 1;
			remoteGlobalIDString = 02FC79FB2AF428420043FA48;
			remoteInfo = Stage;
		};
		02FC7A172AF428430043FA48 /* PBXContainerItemProxy */ = {
			isa = PBXContainerItemProxy;
			containerPortal = 02FC79F42AF428420043FA48 /* Project object */;
			proxyType = 1;
			remoteGlobalIDString = 02FC79FB2AF428420043FA48;
			remoteInfo = Stage;
		};
/* End PBXContainerItemProxy section */

/* Begin PBXFileReference section */
		020833BA2B059FE700AE71E4 /* ImageCache.swift */ = {isa = PBXFileReference; lastKnownFileType = sourcecode.swift; path = ImageCache.swift; sourceTree = "<group>"; };
		022118892AF86B030098887D /* CollectionDetailView.swift */ = {isa = PBXFileReference; lastKnownFileType = sourcecode.swift; path = CollectionDetailView.swift; sourceTree = "<group>"; };
		0221188B2AF86E000098887D /* SampleGridLayoutView.swift */ = {isa = PBXFileReference; lastKnownFileType = sourcecode.swift; path = SampleGridLayoutView.swift; sourceTree = "<group>"; };
		0221188D2AF873DD0098887D /* ImageGridRow.swift */ = {isa = PBXFileReference; lastKnownFileType = sourcecode.swift; path = ImageGridRow.swift; sourceTree = "<group>"; };
		0238317B2B07DAB50058C217 /* EditableText.swift */ = {isa = PBXFileReference; lastKnownFileType = sourcecode.swift; path = EditableText.swift; sourceTree = "<group>"; };
		023DBD392AFD662400AD254D /* DataSequence.swift */ = {isa = PBXFileReference; lastKnownFileType = sourcecode.swift; path = DataSequence.swift; sourceTree = "<group>"; };
		023DBD3B2AFDBE5E00AD254D /* KeychainManager.swift */ = {isa = PBXFileReference; lastKnownFileType = sourcecode.swift; path = KeychainManager.swift; sourceTree = "<group>"; };
		023E8BCA2B17E777008E97EF /* TestInteractiveList.swift */ = {isa = PBXFileReference; fileEncoding = 4; lastKnownFileType = sourcecode.swift; path = TestInteractiveList.swift; sourceTree = "<group>"; };
		024EBFF42AF6CBD800D432BC /* CircleButton.swift */ = {isa = PBXFileReference; lastKnownFileType = sourcecode.swift; path = CircleButton.swift; sourceTree = "<group>"; };
		024EBFF62AF7359500D432BC /* InteractiveListView.swift */ = {isa = PBXFileReference; lastKnownFileType = sourcecode.swift; path = InteractiveListView.swift; sourceTree = "<group>"; };
		024EF0D82AFEB28900CB754B /* StyledButton.swift */ = {isa = PBXFileReference; lastKnownFileType = sourcecode.swift; path = StyledButton.swift; sourceTree = "<group>"; };
		025980AE2B0296A20065F69E /* StickyHeader.swift */ = {isa = PBXFileReference; lastKnownFileType = sourcecode.swift; path = StickyHeader.swift; sourceTree = "<group>"; };
		02630B5E2AFEEA500091DFD7 /* Extensions.swift */ = {isa = PBXFileReference; lastKnownFileType = sourcecode.swift; path = Extensions.swift; sourceTree = "<group>"; };
		027817842AFC6169002A9B31 /* MoreButton.swift */ = {isa = PBXFileReference; lastKnownFileType = sourcecode.swift; path = MoreButton.swift; sourceTree = "<group>"; };
		02DAC99E2AF55FFE001585A6 /* AccountView.swift */ = {isa = PBXFileReference; lastKnownFileType = sourcecode.swift; path = AccountView.swift; sourceTree = "<group>"; };
		02FC79FC2AF428420043FA48 /* Stage.app */ = {isa = PBXFileReference; explicitFileType = wrapper.application; includeInIndex = 0; path = Stage.app; sourceTree = BUILT_PRODUCTS_DIR; };
		02FC79FF2AF428420043FA48 /* StageApp.swift */ = {isa = PBXFileReference; lastKnownFileType = sourcecode.swift; path = StageApp.swift; sourceTree = "<group>"; };
		02FC7A012AF428420043FA48 /* ContentView.swift */ = {isa = PBXFileReference; lastKnownFileType = sourcecode.swift; path = ContentView.swift; sourceTree = "<group>"; };
		02FC7A032AF428430043FA48 /* Assets.xcassets */ = {isa = PBXFileReference; lastKnownFileType = folder.assetcatalog; path = Assets.xcassets; sourceTree = "<group>"; };
		02FC7A062AF428430043FA48 /* Preview Assets.xcassets */ = {isa = PBXFileReference; lastKnownFileType = folder.assetcatalog; path = "Preview Assets.xcassets"; sourceTree = "<group>"; };
		02FC7A0C2AF428430043FA48 /* StageTests.xctest */ = {isa = PBXFileReference; explicitFileType = wrapper.cfbundle; includeInIndex = 0; path = StageTests.xctest; sourceTree = BUILT_PRODUCTS_DIR; };
		02FC7A102AF428430043FA48 /* StageTests.swift */ = {isa = PBXFileReference; lastKnownFileType = sourcecode.swift; path = StageTests.swift; sourceTree = "<group>"; };
		02FC7A162AF428430043FA48 /* StageUITests.xctest */ = {isa = PBXFileReference; explicitFileType = wrapper.cfbundle; includeInIndex = 0; path = StageUITests.xctest; sourceTree = BUILT_PRODUCTS_DIR; };
		02FC7A1A2AF428430043FA48 /* StageUITests.swift */ = {isa = PBXFileReference; lastKnownFileType = sourcecode.swift; path = StageUITests.swift; sourceTree = "<group>"; };
		02FC7A1C2AF428430043FA48 /* StageUITestsLaunchTests.swift */ = {isa = PBXFileReference; lastKnownFileType = sourcecode.swift; path = StageUITestsLaunchTests.swift; sourceTree = "<group>"; };
		02FC7A322AF428D40043FA48 /* Stage.swift */ = {isa = PBXFileReference; fileEncoding = 4; lastKnownFileType = sourcecode.swift; path = Stage.swift; sourceTree = "<group>"; };
		02FC7A402AF448A60043FA48 /* ProfileView.swift */ = {isa = PBXFileReference; lastKnownFileType = sourcecode.swift; path = ProfileView.swift; sourceTree = "<group>"; };
		02FC7A412AF448A60043FA48 /* AuthView.swift */ = {isa = PBXFileReference; lastKnownFileType = sourcecode.swift; path = AuthView.swift; sourceTree = "<group>"; };
		02FC7A422AF448A60043FA48 /* HighlightsView.swift */ = {isa = PBXFileReference; lastKnownFileType = sourcecode.swift; path = HighlightsView.swift; sourceTree = "<group>"; };
		02FC7A432AF448A60043FA48 /* CollectionsView.swift */ = {isa = PBXFileReference; lastKnownFileType = sourcecode.swift; path = CollectionsView.swift; sourceTree = "<group>"; };
		02FC7A482AF448AE0043FA48 /* ImagePicker.swift */ = {isa = PBXFileReference; lastKnownFileType = sourcecode.swift; path = ImagePicker.swift; sourceTree = "<group>"; };
		02FC7A4A2AF448AE0043FA48 /* ImageSlider.swift */ = {isa = PBXFileReference; lastKnownFileType = sourcecode.swift; path = ImageSlider.swift; sourceTree = "<group>"; };
		02FC7A4B2AF448AE0043FA48 /* ProfileImage.swift */ = {isa = PBXFileReference; lastKnownFileType = sourcecode.swift; path = ProfileImage.swift; sourceTree = "<group>"; };
		02FC7A4C2AF448AE0043FA48 /* ColorPickerView.swift */ = {isa = PBXFileReference; lastKnownFileType = sourcecode.swift; path = ColorPickerView.swift; sourceTree = "<group>"; };
		02FC7A4F2AF448AF0043FA48 /* NavigationBar.swift */ = {isa = PBXFileReference; lastKnownFileType = sourcecode.swift; path = NavigationBar.swift; sourceTree = "<group>"; };
		02FC7A512AF448AF0043FA48 /* BannerImage.swift */ = {isa = PBXFileReference; lastKnownFileType = sourcecode.swift; path = BannerImage.swift; sourceTree = "<group>"; };
		02FC7A522AF448AF0043FA48 /* ContactButton.swift */ = {isa = PBXFileReference; lastKnownFileType = sourcecode.swift; path = ContactButton.swift; sourceTree = "<group>"; };
		02FC7A532AF448AF0043FA48 /* TabBarView.swift */ = {isa = PBXFileReference; lastKnownFileType = sourcecode.swift; path = TabBarView.swift; sourceTree = "<group>"; };
		02FC7A542AF448AF0043FA48 /* SlidingImage.swift */ = {isa = PBXFileReference; lastKnownFileType = sourcecode.swift; path = SlidingImage.swift; sourceTree = "<group>"; };
		02FC7A622AF448B70043FA48 /* RemoteStorageController.swift */ = {isa = PBXFileReference; lastKnownFileType = sourcecode.swift; path = RemoteStorageController.swift; sourceTree = "<group>"; };
		02FC7A632AF448B70043FA48 /* StageController.swift */ = {isa = PBXFileReference; lastKnownFileType = sourcecode.swift; path = StageController.swift; sourceTree = "<group>"; };
		02FC7A642AF448B70043FA48 /* ThemeController.swift */ = {isa = PBXFileReference; lastKnownFileType = sourcecode.swift; path = ThemeController.swift; sourceTree = "<group>"; };
		02FC7A652AF448B70043FA48 /* ImageController.swift */ = {isa = PBXFileReference; lastKnownFileType = sourcecode.swift; path = ImageController.swift; sourceTree = "<group>"; };
		02FC7A662AF448B70043FA48 /* ImageSliderController.swift */ = {isa = PBXFileReference; lastKnownFileType = sourcecode.swift; path = ImageSliderController.swift; sourceTree = "<group>"; };
		02FC7A682AF448B70043FA48 /* AuthController.swift */ = {isa = PBXFileReference; lastKnownFileType = sourcecode.swift; path = AuthController.swift; sourceTree = "<group>"; };
		02FC7A732AF449040043FA48 /* _Secrets.swift */ = {isa = PBXFileReference; fileEncoding = 4; lastKnownFileType = sourcecode.swift; path = _Secrets.swift; sourceTree = "<group>"; };
/* End PBXFileReference section */

/* Begin PBXFrameworksBuildPhase section */
		02FC79F92AF428420043FA48 /* Frameworks */ = {
			isa = PBXFrameworksBuildPhase;
			buildActionMask = 2147483647;
			files = (
				02FC7A722AF448EB0043FA48 /* Supabase in Frameworks */,
			);
			runOnlyForDeploymentPostprocessing = 0;
		};
		02FC7A092AF428430043FA48 /* Frameworks */ = {
			isa = PBXFrameworksBuildPhase;
			buildActionMask = 2147483647;
			files = (
			);
			runOnlyForDeploymentPostprocessing = 0;
		};
		02FC7A132AF428430043FA48 /* Frameworks */ = {
			isa = PBXFrameworksBuildPhase;
			buildActionMask = 2147483647;
			files = (
			);
			runOnlyForDeploymentPostprocessing = 0;
		};
/* End PBXFrameworksBuildPhase section */

/* Begin PBXGroup section */
		02FC79F32AF428420043FA48 = {
			isa = PBXGroup;
			children = (
				02FC79FE2AF428420043FA48 /* Stage */,
				02FC7A0F2AF428430043FA48 /* StageTests */,
				02FC7A192AF428430043FA48 /* StageUITests */,
				02FC79FD2AF428420043FA48 /* Products */,
			);
			sourceTree = "<group>";
		};
		02FC79FD2AF428420043FA48 /* Products */ = {
			isa = PBXGroup;
			children = (
				02FC79FC2AF428420043FA48 /* Stage.app */,
				02FC7A0C2AF428430043FA48 /* StageTests.xctest */,
				02FC7A162AF428430043FA48 /* StageUITests.xctest */,
			);
			name = Products;
			sourceTree = "<group>";
		};
		02FC79FE2AF428420043FA48 /* Stage */ = {
			isa = PBXGroup;
			children = (
				02FC79FF2AF428420043FA48 /* StageApp.swift */,
				02FC7A772AF449620043FA48 /* Views */,
				02FC7A782AF449970043FA48 /* Components */,
				02FC7A752AF449550043FA48 /* Controllers */,
				02FC7A762AF4495C0043FA48 /* Model */,
				02FC7A032AF428430043FA48 /* Assets.xcassets */,
				02FC7A732AF449040043FA48 /* _Secrets.swift */,
				02FC7A052AF428430043FA48 /* Preview Content */,
			);
			path = Stage;
			sourceTree = "<group>";
		};
		02FC7A052AF428430043FA48 /* Preview Content */ = {
			isa = PBXGroup;
			children = (
				02FC7A062AF428430043FA48 /* Preview Assets.xcassets */,
			);
			path = "Preview Content";
			sourceTree = "<group>";
		};
		02FC7A0F2AF428430043FA48 /* StageTests */ = {
			isa = PBXGroup;
			children = (
				02FC7A102AF428430043FA48 /* StageTests.swift */,
			);
			path = StageTests;
			sourceTree = "<group>";
		};
		02FC7A192AF428430043FA48 /* StageUITests */ = {
			isa = PBXGroup;
			children = (
				02FC7A1A2AF428430043FA48 /* StageUITests.swift */,
				02FC7A1C2AF428430043FA48 /* StageUITestsLaunchTests.swift */,
			);
			path = StageUITests;
			sourceTree = "<group>";
		};
		02FC7A752AF449550043FA48 /* Controllers */ = {
			isa = PBXGroup;
			children = (
				02FC7A682AF448B70043FA48 /* AuthController.swift */,
				02FC7A652AF448B70043FA48 /* ImageController.swift */,
				02FC7A662AF448B70043FA48 /* ImageSliderController.swift */,
				02FC7A622AF448B70043FA48 /* RemoteStorageController.swift */,
				02FC7A632AF448B70043FA48 /* StageController.swift */,
				02FC7A642AF448B70043FA48 /* ThemeController.swift */,
				023DBD392AFD662400AD254D /* DataSequence.swift */,
				020833BA2B059FE700AE71E4 /* ImageCache.swift */,
				023DBD3B2AFDBE5E00AD254D /* KeychainManager.swift */,
			);
			path = Controllers;
			sourceTree = "<group>";
		};
		02FC7A762AF4495C0043FA48 /* Model */ = {
			isa = PBXGroup;
			children = (
				02630B5E2AFEEA500091DFD7 /* Extensions.swift */,
				02FC7A322AF428D40043FA48 /* Stage.swift */,
			);
			path = Model;
			sourceTree = "<group>";
		};
		02FC7A772AF449620043FA48 /* Views */ = {
			isa = PBXGroup;
			children = (
				02FC7A012AF428420043FA48 /* ContentView.swift */,
				02FC7A4F2AF448AF0043FA48 /* NavigationBar.swift */,
				02FC7A402AF448A60043FA48 /* ProfileView.swift */,
				02FC7A422AF448A60043FA48 /* HighlightsView.swift */,
				02FC7A432AF448A60043FA48 /* CollectionsView.swift */,
				024EBFF62AF7359500D432BC /* InteractiveListView.swift */,
				022118892AF86B030098887D /* CollectionDetailView.swift */,
				02FC7A412AF448A60043FA48 /* AuthView.swift */,
				02DAC99E2AF55FFE001585A6 /* AccountView.swift */,
			);
			path = Views;
			sourceTree = "<group>";
		};
		02FC7A782AF449970043FA48 /* Components */ = {
			isa = PBXGroup;
			children = (
				023E8BCA2B17E777008E97EF /* TestInteractiveList.swift */,
				025980AE2B0296A20065F69E /* StickyHeader.swift */,
				027817842AFC6169002A9B31 /* MoreButton.swift */,
				0221188B2AF86E000098887D /* SampleGridLayoutView.swift */,
				0221188D2AF873DD0098887D /* ImageGridRow.swift */,
				02FC7A4C2AF448AE0043FA48 /* ColorPickerView.swift */,
				02FC7A522AF448AF0043FA48 /* ContactButton.swift */,
				02FC7A482AF448AE0043FA48 /* ImagePicker.swift */,
				02FC7A4A2AF448AE0043FA48 /* ImageSlider.swift */,
				02FC7A512AF448AF0043FA48 /* BannerImage.swift */,
				02FC7A4B2AF448AE0043FA48 /* ProfileImage.swift */,
				02FC7A542AF448AF0043FA48 /* SlidingImage.swift */,
				02FC7A532AF448AF0043FA48 /* TabBarView.swift */,
				024EBFF42AF6CBD800D432BC /* CircleButton.swift */,
				024EF0D82AFEB28900CB754B /* StyledButton.swift */,
				0238317B2B07DAB50058C217 /* EditableText.swift */,
			);
			path = Components;
			sourceTree = "<group>";
		};
/* End PBXGroup section */

/* Begin PBXNativeTarget section */
		02FC79FB2AF428420043FA48 /* Stage */ = {
			isa = PBXNativeTarget;
			buildConfigurationList = 02FC7A202AF428430043FA48 /* Build configuration list for PBXNativeTarget "Stage" */;
			buildPhases = (
				02FC79F82AF428420043FA48 /* Sources */,
				02FC79F92AF428420043FA48 /* Frameworks */,
				02FC79FA2AF428420043FA48 /* Resources */,
			);
			buildRules = (
			);
			dependencies = (
			);
			name = Stage;
			packageProductDependencies = (
				02FC7A712AF448EB0043FA48 /* Supabase */,
			);
			productName = Stage;
			productReference = 02FC79FC2AF428420043FA48 /* Stage.app */;
			productType = "com.apple.product-type.application";
		};
		02FC7A0B2AF428430043FA48 /* StageTests */ = {
			isa = PBXNativeTarget;
			buildConfigurationList = 02FC7A232AF428430043FA48 /* Build configuration list for PBXNativeTarget "StageTests" */;
			buildPhases = (
				02FC7A082AF428430043FA48 /* Sources */,
				02FC7A092AF428430043FA48 /* Frameworks */,
				02FC7A0A2AF428430043FA48 /* Resources */,
			);
			buildRules = (
			);
			dependencies = (
				02FC7A0E2AF428430043FA48 /* PBXTargetDependency */,
			);
			name = StageTests;
			productName = StageTests;
			productReference = 02FC7A0C2AF428430043FA48 /* StageTests.xctest */;
			productType = "com.apple.product-type.bundle.unit-test";
		};
		02FC7A152AF428430043FA48 /* StageUITests */ = {
			isa = PBXNativeTarget;
			buildConfigurationList = 02FC7A262AF428430043FA48 /* Build configuration list for PBXNativeTarget "StageUITests" */;
			buildPhases = (
				02FC7A122AF428430043FA48 /* Sources */,
				02FC7A132AF428430043FA48 /* Frameworks */,
				02FC7A142AF428430043FA48 /* Resources */,
			);
			buildRules = (
			);
			dependencies = (
				02FC7A182AF428430043FA48 /* PBXTargetDependency */,
			);
			name = StageUITests;
			productName = StageUITests;
			productReference = 02FC7A162AF428430043FA48 /* StageUITests.xctest */;
			productType = "com.apple.product-type.bundle.ui-testing";
		};
/* End PBXNativeTarget section */

/* Begin PBXProject section */
		02FC79F42AF428420043FA48 /* Project object */ = {
			isa = PBXProject;
			attributes = {
				BuildIndependentTargetsInParallel = 1;
				LastSwiftUpdateCheck = 1500;
				LastUpgradeCheck = 1500;
				TargetAttributes = {
					02FC79FB2AF428420043FA48 = {
						CreatedOnToolsVersion = 15.0.1;
					};
					02FC7A0B2AF428430043FA48 = {
						CreatedOnToolsVersion = 15.0.1;
						TestTargetID = 02FC79FB2AF428420043FA48;
					};
					02FC7A152AF428430043FA48 = {
						CreatedOnToolsVersion = 15.0.1;
						TestTargetID = 02FC79FB2AF428420043FA48;
					};
				};
			};
			buildConfigurationList = 02FC79F72AF428420043FA48 /* Build configuration list for PBXProject "Stage" */;
			compatibilityVersion = "Xcode 14.0";
			developmentRegion = en;
			hasScannedForEncodings = 0;
			knownRegions = (
				en,
				Base,
			);
			mainGroup = 02FC79F32AF428420043FA48;
			packageReferences = (
				02FC7A702AF448EB0043FA48 /* XCRemoteSwiftPackageReference "supabase-swift" */,
			);
			productRefGroup = 02FC79FD2AF428420043FA48 /* Products */;
			projectDirPath = "";
			projectRoot = "";
			targets = (
				02FC79FB2AF428420043FA48 /* Stage */,
				02FC7A0B2AF428430043FA48 /* StageTests */,
				02FC7A152AF428430043FA48 /* StageUITests */,
			);
		};
/* End PBXProject section */

/* Begin PBXResourcesBuildPhase section */
		02FC79FA2AF428420043FA48 /* Resources */ = {
			isa = PBXResourcesBuildPhase;
			buildActionMask = 2147483647;
			files = (
				02FC7A072AF428430043FA48 /* Preview Assets.xcassets in Resources */,
				02FC7A042AF428430043FA48 /* Assets.xcassets in Resources */,
			);
			runOnlyForDeploymentPostprocessing = 0;
		};
		02FC7A0A2AF428430043FA48 /* Resources */ = {
			isa = PBXResourcesBuildPhase;
			buildActionMask = 2147483647;
			files = (
			);
			runOnlyForDeploymentPostprocessing = 0;
		};
		02FC7A142AF428430043FA48 /* Resources */ = {
			isa = PBXResourcesBuildPhase;
			buildActionMask = 2147483647;
			files = (
			);
			runOnlyForDeploymentPostprocessing = 0;
		};
/* End PBXResourcesBuildPhase section */

/* Begin PBXSourcesBuildPhase section */
		02FC79F82AF428420043FA48 /* Sources */ = {
			isa = PBXSourcesBuildPhase;
			buildActionMask = 2147483647;
			files = (
				023DBD3A2AFD662400AD254D /* DataSequence.swift in Sources */,
				02FC7A6C2AF448B70043FA48 /* ImageSliderController.swift in Sources */,
				02FC7A562AF448AF0043FA48 /* ImagePicker.swift in Sources */,
				02FC7A6A2AF448B70043FA48 /* StageController.swift in Sources */,
				02FC7A572AF448AF0043FA48 /* TabBarView.swift in Sources */,
				02FC7A6E2AF448B70043FA48 /* ImageController.swift in Sources */,
				023E8BCB2B17E777008E97EF /* TestInteractiveList.swift in Sources */,
				02FC7A6B2AF448B70043FA48 /* AuthController.swift in Sources */,
				027817852AFC6169002A9B31 /* MoreButton.swift in Sources */,
				02FC7A552AF448AF0043FA48 /* ProfileImage.swift in Sources */,
				0221188A2AF86B030098887D /* CollectionDetailView.swift in Sources */,
				02FC7A5A2AF448AF0043FA48 /* ContactButton.swift in Sources */,
				02630B5F2AFEEA500091DFD7 /* Extensions.swift in Sources */,
				02FC7A5B2AF448AF0043FA48 /* NavigationBar.swift in Sources */,
				0221188E2AF873DD0098887D /* ImageGridRow.swift in Sources */,
				02FC7A6D2AF448B70043FA48 /* RemoteStorageController.swift in Sources */,
				02FC7A452AF448A60043FA48 /* ProfileView.swift in Sources */,
				02DAC99F2AF55FFE001585A6 /* AccountView.swift in Sources */,
				02FC7A5E2AF448AF0043FA48 /* ImageSlider.swift in Sources */,
				024EBFF52AF6CBD800D432BC /* CircleButton.swift in Sources */,
				02FC7A022AF428420043FA48 /* ContentView.swift in Sources */,
				020833BB2B059FE700AE71E4 /* ImageCache.swift in Sources */,
				02FC7A332AF428D40043FA48 /* Stage.swift in Sources */,
				025980AF2B0296A20065F69E /* StickyHeader.swift in Sources */,
				02FC7A442AF448A60043FA48 /* AuthView.swift in Sources */,
				02FC7A592AF448AF0043FA48 /* SlidingImage.swift in Sources */,
				0238317C2B07DAB50058C217 /* EditableText.swift in Sources */,
				02FC7A462AF448A60043FA48 /* HighlightsView.swift in Sources */,
				02FC7A472AF448A60043FA48 /* CollectionsView.swift in Sources */,
				02FC7A5D2AF448AF0043FA48 /* BannerImage.swift in Sources */,
				0221188C2AF86E000098887D /* SampleGridLayoutView.swift in Sources */,
				02FC7A6F2AF448B70043FA48 /* ThemeController.swift in Sources */,
				02FC7A742AF449040043FA48 /* _Secrets.swift in Sources */,
				024EBFF72AF7359500D432BC /* InteractiveListView.swift in Sources */,
				024EF0D92AFEB28900CB754B /* StyledButton.swift in Sources */,
				02FC7A002AF428420043FA48 /* StageApp.swift in Sources */,
				02FC7A582AF448AF0043FA48 /* ColorPickerView.swift in Sources */,
				023DBD3C2AFDBE5E00AD254D /* KeychainManager.swift in Sources */,
			);
			runOnlyForDeploymentPostprocessing = 0;
		};
		02FC7A082AF428430043FA48 /* Sources */ = {
			isa = PBXSourcesBuildPhase;
			buildActionMask = 2147483647;
			files = (
				02FC7A112AF428430043FA48 /* StageTests.swift in Sources */,
			);
			runOnlyForDeploymentPostprocessing = 0;
		};
		02FC7A122AF428430043FA48 /* Sources */ = {
			isa = PBXSourcesBuildPhase;
			buildActionMask = 2147483647;
			files = (
				02FC7A1B2AF428430043FA48 /* StageUITests.swift in Sources */,
				02FC7A1D2AF428430043FA48 /* StageUITestsLaunchTests.swift in Sources */,
			);
			runOnlyForDeploymentPostprocessing = 0;
		};
/* End PBXSourcesBuildPhase section */

/* Begin PBXTargetDependency section */
		02FC7A0E2AF428430043FA48 /* PBXTargetDependency */ = {
			isa = PBXTargetDependency;
			target = 02FC79FB2AF428420043FA48 /* Stage */;
			targetProxy = 02FC7A0D2AF428430043FA48 /* PBXContainerItemProxy */;
		};
		02FC7A182AF428430043FA48 /* PBXTargetDependency */ = {
			isa = PBXTargetDependency;
			target = 02FC79FB2AF428420043FA48 /* Stage */;
			targetProxy = 02FC7A172AF428430043FA48 /* PBXContainerItemProxy */;
		};
/* End PBXTargetDependency section */

/* Begin XCBuildConfiguration section */
		02FC7A1E2AF428430043FA48 /* Debug */ = {
			isa = XCBuildConfiguration;
			buildSettings = {
				ALWAYS_SEARCH_USER_PATHS = NO;
				ASSETCATALOG_COMPILER_GENERATE_SWIFT_ASSET_SYMBOL_EXTENSIONS = YES;
				CLANG_ANALYZER_NONNULL = YES;
				CLANG_ANALYZER_NUMBER_OBJECT_CONVERSION = YES_AGGRESSIVE;
				CLANG_CXX_LANGUAGE_STANDARD = "gnu++20";
				CLANG_ENABLE_MODULES = YES;
				CLANG_ENABLE_OBJC_ARC = YES;
				CLANG_ENABLE_OBJC_WEAK = YES;
				CLANG_WARN_BLOCK_CAPTURE_AUTORELEASING = YES;
				CLANG_WARN_BOOL_CONVERSION = YES;
				CLANG_WARN_COMMA = YES;
				CLANG_WARN_CONSTANT_CONVERSION = YES;
				CLANG_WARN_DEPRECATED_OBJC_IMPLEMENTATIONS = YES;
				CLANG_WARN_DIRECT_OBJC_ISA_USAGE = YES_ERROR;
				CLANG_WARN_DOCUMENTATION_COMMENTS = YES;
				CLANG_WARN_EMPTY_BODY = YES;
				CLANG_WARN_ENUM_CONVERSION = YES;
				CLANG_WARN_INFINITE_RECURSION = YES;
				CLANG_WARN_INT_CONVERSION = YES;
				CLANG_WARN_NON_LITERAL_NULL_CONVERSION = YES;
				CLANG_WARN_OBJC_IMPLICIT_RETAIN_SELF = YES;
				CLANG_WARN_OBJC_LITERAL_CONVERSION = YES;
				CLANG_WARN_OBJC_ROOT_CLASS = YES_ERROR;
				CLANG_WARN_QUOTED_INCLUDE_IN_FRAMEWORK_HEADER = YES;
				CLANG_WARN_RANGE_LOOP_ANALYSIS = YES;
				CLANG_WARN_STRICT_PROTOTYPES = YES;
				CLANG_WARN_SUSPICIOUS_MOVE = YES;
				CLANG_WARN_UNGUARDED_AVAILABILITY = YES_AGGRESSIVE;
				CLANG_WARN_UNREACHABLE_CODE = YES;
				CLANG_WARN__DUPLICATE_METHOD_MATCH = YES;
				COPY_PHASE_STRIP = NO;
				DEBUG_INFORMATION_FORMAT = dwarf;
				ENABLE_STRICT_OBJC_MSGSEND = YES;
				ENABLE_TESTABILITY = YES;
				ENABLE_USER_SCRIPT_SANDBOXING = YES;
				GCC_C_LANGUAGE_STANDARD = gnu17;
				GCC_DYNAMIC_NO_PIC = NO;
				GCC_NO_COMMON_BLOCKS = YES;
				GCC_OPTIMIZATION_LEVEL = 0;
				GCC_PREPROCESSOR_DEFINITIONS = (
					"DEBUG=1",
					"$(inherited)",
				);
				GCC_WARN_64_TO_32_BIT_CONVERSION = YES;
				GCC_WARN_ABOUT_RETURN_TYPE = YES_ERROR;
				GCC_WARN_UNDECLARED_SELECTOR = YES;
				GCC_WARN_UNINITIALIZED_AUTOS = YES_AGGRESSIVE;
				GCC_WARN_UNUSED_FUNCTION = YES;
				GCC_WARN_UNUSED_VARIABLE = YES;
				IPHONEOS_DEPLOYMENT_TARGET = 17.0;
				LOCALIZATION_PREFERS_STRING_CATALOGS = YES;
				MTL_ENABLE_DEBUG_INFO = INCLUDE_SOURCE;
				MTL_FAST_MATH = YES;
				ONLY_ACTIVE_ARCH = YES;
				SDKROOT = iphoneos;
				SWIFT_ACTIVE_COMPILATION_CONDITIONS = "DEBUG $(inherited)";
				SWIFT_OPTIMIZATION_LEVEL = "-Onone";
			};
			name = Debug;
		};
		02FC7A1F2AF428430043FA48 /* Release */ = {
			isa = XCBuildConfiguration;
			buildSettings = {
				ALWAYS_SEARCH_USER_PATHS = NO;
				ASSETCATALOG_COMPILER_GENERATE_SWIFT_ASSET_SYMBOL_EXTENSIONS = YES;
				CLANG_ANALYZER_NONNULL = YES;
				CLANG_ANALYZER_NUMBER_OBJECT_CONVERSION = YES_AGGRESSIVE;
				CLANG_CXX_LANGUAGE_STANDARD = "gnu++20";
				CLANG_ENABLE_MODULES = YES;
				CLANG_ENABLE_OBJC_ARC = YES;
				CLANG_ENABLE_OBJC_WEAK = YES;
				CLANG_WARN_BLOCK_CAPTURE_AUTORELEASING = YES;
				CLANG_WARN_BOOL_CONVERSION = YES;
				CLANG_WARN_COMMA = YES;
				CLANG_WARN_CONSTANT_CONVERSION = YES;
				CLANG_WARN_DEPRECATED_OBJC_IMPLEMENTATIONS = YES;
				CLANG_WARN_DIRECT_OBJC_ISA_USAGE = YES_ERROR;
				CLANG_WARN_DOCUMENTATION_COMMENTS = YES;
				CLANG_WARN_EMPTY_BODY = YES;
				CLANG_WARN_ENUM_CONVERSION = YES;
				CLANG_WARN_INFINITE_RECURSION = YES;
				CLANG_WARN_INT_CONVERSION = YES;
				CLANG_WARN_NON_LITERAL_NULL_CONVERSION = YES;
				CLANG_WARN_OBJC_IMPLICIT_RETAIN_SELF = YES;
				CLANG_WARN_OBJC_LITERAL_CONVERSION = YES;
				CLANG_WARN_OBJC_ROOT_CLASS = YES_ERROR;
				CLANG_WARN_QUOTED_INCLUDE_IN_FRAMEWORK_HEADER = YES;
				CLANG_WARN_RANGE_LOOP_ANALYSIS = YES;
				CLANG_WARN_STRICT_PROTOTYPES = YES;
				CLANG_WARN_SUSPICIOUS_MOVE = YES;
				CLANG_WARN_UNGUARDED_AVAILABILITY = YES_AGGRESSIVE;
				CLANG_WARN_UNREACHABLE_CODE = YES;
				CLANG_WARN__DUPLICATE_METHOD_MATCH = YES;
				COPY_PHASE_STRIP = NO;
				DEBUG_INFORMATION_FORMAT = "dwarf-with-dsym";
				ENABLE_NS_ASSERTIONS = NO;
				ENABLE_STRICT_OBJC_MSGSEND = YES;
				ENABLE_USER_SCRIPT_SANDBOXING = YES;
				GCC_C_LANGUAGE_STANDARD = gnu17;
				GCC_NO_COMMON_BLOCKS = YES;
				GCC_WARN_64_TO_32_BIT_CONVERSION = YES;
				GCC_WARN_ABOUT_RETURN_TYPE = YES_ERROR;
				GCC_WARN_UNDECLARED_SELECTOR = YES;
				GCC_WARN_UNINITIALIZED_AUTOS = YES_AGGRESSIVE;
				GCC_WARN_UNUSED_FUNCTION = YES;
				GCC_WARN_UNUSED_VARIABLE = YES;
				IPHONEOS_DEPLOYMENT_TARGET = 17.0;
				LOCALIZATION_PREFERS_STRING_CATALOGS = YES;
				MTL_ENABLE_DEBUG_INFO = NO;
				MTL_FAST_MATH = YES;
				SDKROOT = iphoneos;
				SWIFT_COMPILATION_MODE = wholemodule;
				VALIDATE_PRODUCT = YES;
			};
			name = Release;
		};
		02FC7A212AF428430043FA48 /* Debug */ = {
			isa = XCBuildConfiguration;
			buildSettings = {
				ASSETCATALOG_COMPILER_APPICON_NAME = AppIcon;
				ASSETCATALOG_COMPILER_GLOBAL_ACCENT_COLOR_NAME = AccentColor;
				CODE_SIGN_STYLE = Automatic;
				CURRENT_PROJECT_VERSION = 1;
				DEVELOPMENT_ASSET_PATHS = "\"Stage/Preview Content\"";
				DEVELOPMENT_TEAM = 8K35U4GA26;
				ENABLE_PREVIEWS = YES;
				GENERATE_INFOPLIST_FILE = YES;
				INFOPLIST_KEY_UIApplicationSceneManifest_Generation = YES;
				INFOPLIST_KEY_UIApplicationSupportsIndirectInputEvents = YES;
				INFOPLIST_KEY_UILaunchScreen_Generation = YES;
				INFOPLIST_KEY_UISupportedInterfaceOrientations_iPad = "UIInterfaceOrientationPortrait UIInterfaceOrientationPortraitUpsideDown UIInterfaceOrientationLandscapeLeft UIInterfaceOrientationLandscapeRight";
				INFOPLIST_KEY_UISupportedInterfaceOrientations_iPhone = "UIInterfaceOrientationPortrait UIInterfaceOrientationLandscapeLeft UIInterfaceOrientationLandscapeRight";
				LD_RUNPATH_SEARCH_PATHS = (
					"$(inherited)",
					"@executable_path/Frameworks",
				);
				MARKETING_VERSION = 1.0;
				PRODUCT_BUNDLE_IDENTIFIER = com.brycekormylo.Stage;
				PRODUCT_NAME = "$(TARGET_NAME)";
				SWIFT_EMIT_LOC_STRINGS = YES;
				SWIFT_VERSION = 5.0;
				TARGETED_DEVICE_FAMILY = "1,2";
			};
			name = Debug;
		};
		02FC7A222AF428430043FA48 /* Release */ = {
			isa = XCBuildConfiguration;
			buildSettings = {
				ASSETCATALOG_COMPILER_APPICON_NAME = AppIcon;
				ASSETCATALOG_COMPILER_GLOBAL_ACCENT_COLOR_NAME = AccentColor;
				CODE_SIGN_STYLE = Automatic;
				CURRENT_PROJECT_VERSION = 1;
				DEVELOPMENT_ASSET_PATHS = "\"Stage/Preview Content\"";
				DEVELOPMENT_TEAM = 8K35U4GA26;
				ENABLE_PREVIEWS = YES;
				GENERATE_INFOPLIST_FILE = YES;
				INFOPLIST_KEY_UIApplicationSceneManifest_Generation = YES;
				INFOPLIST_KEY_UIApplicationSupportsIndirectInputEvents = YES;
				INFOPLIST_KEY_UILaunchScreen_Generation = YES;
				INFOPLIST_KEY_UISupportedInterfaceOrientations_iPad = "UIInterfaceOrientationPortrait UIInterfaceOrientationPortraitUpsideDown UIInterfaceOrientationLandscapeLeft UIInterfaceOrientationLandscapeRight";
				INFOPLIST_KEY_UISupportedInterfaceOrientations_iPhone = "UIInterfaceOrientationPortrait UIInterfaceOrientationLandscapeLeft UIInterfaceOrientationLandscapeRight";
				LD_RUNPATH_SEARCH_PATHS = (
					"$(inherited)",
					"@executable_path/Frameworks",
				);
				MARKETING_VERSION = 1.0;
				PRODUCT_BUNDLE_IDENTIFIER = com.brycekormylo.Stage;
				PRODUCT_NAME = "$(TARGET_NAME)";
				SWIFT_EMIT_LOC_STRINGS = YES;
				SWIFT_VERSION = 5.0;
				TARGETED_DEVICE_FAMILY = "1,2";
			};
			name = Release;
		};
		02FC7A242AF428430043FA48 /* Debug */ = {
			isa = XCBuildConfiguration;
			buildSettings = {
				ALWAYS_EMBED_SWIFT_STANDARD_LIBRARIES = YES;
				BUNDLE_LOADER = "$(TEST_HOST)";
				CODE_SIGN_STYLE = Automatic;
				CURRENT_PROJECT_VERSION = 1;
				DEVELOPMENT_TEAM = 8K35U4GA26;
				GENERATE_INFOPLIST_FILE = YES;
				IPHONEOS_DEPLOYMENT_TARGET = 17.0;
				MARKETING_VERSION = 1.0;
				PRODUCT_BUNDLE_IDENTIFIER = com.brycekormylo.StageTests;
				PRODUCT_NAME = "$(TARGET_NAME)";
				SWIFT_EMIT_LOC_STRINGS = NO;
				SWIFT_VERSION = 5.0;
				TARGETED_DEVICE_FAMILY = "1,2";
				TEST_HOST = "$(BUILT_PRODUCTS_DIR)/Stage.app/$(BUNDLE_EXECUTABLE_FOLDER_PATH)/Stage";
			};
			name = Debug;
		};
		02FC7A252AF428430043FA48 /* Release */ = {
			isa = XCBuildConfiguration;
			buildSettings = {
				ALWAYS_EMBED_SWIFT_STANDARD_LIBRARIES = YES;
				BUNDLE_LOADER = "$(TEST_HOST)";
				CODE_SIGN_STYLE = Automatic;
				CURRENT_PROJECT_VERSION = 1;
				DEVELOPMENT_TEAM = 8K35U4GA26;
				GENERATE_INFOPLIST_FILE = YES;
				IPHONEOS_DEPLOYMENT_TARGET = 17.0;
				MARKETING_VERSION = 1.0;
				PRODUCT_BUNDLE_IDENTIFIER = com.brycekormylo.StageTests;
				PRODUCT_NAME = "$(TARGET_NAME)";
				SWIFT_EMIT_LOC_STRINGS = NO;
				SWIFT_VERSION = 5.0;
				TARGETED_DEVICE_FAMILY = "1,2";
				TEST_HOST = "$(BUILT_PRODUCTS_DIR)/Stage.app/$(BUNDLE_EXECUTABLE_FOLDER_PATH)/Stage";
			};
			name = Release;
		};
		02FC7A272AF428430043FA48 /* Debug */ = {
			isa = XCBuildConfiguration;
			buildSettings = {
				ALWAYS_EMBED_SWIFT_STANDARD_LIBRARIES = YES;
				CODE_SIGN_STYLE = Automatic;
				CURRENT_PROJECT_VERSION = 1;
				DEVELOPMENT_TEAM = 8K35U4GA26;
				GENERATE_INFOPLIST_FILE = YES;
				MARKETING_VERSION = 1.0;
				PRODUCT_BUNDLE_IDENTIFIER = com.brycekormylo.StageUITests;
				PRODUCT_NAME = "$(TARGET_NAME)";
				SWIFT_EMIT_LOC_STRINGS = NO;
				SWIFT_VERSION = 5.0;
				TARGETED_DEVICE_FAMILY = "1,2";
				TEST_TARGET_NAME = Stage;
			};
			name = Debug;
		};
		02FC7A282AF428430043FA48 /* Release */ = {
			isa = XCBuildConfiguration;
			buildSettings = {
				ALWAYS_EMBED_SWIFT_STANDARD_LIBRARIES = YES;
				CODE_SIGN_STYLE = Automatic;
				CURRENT_PROJECT_VERSION = 1;
				DEVELOPMENT_TEAM = 8K35U4GA26;
				GENERATE_INFOPLIST_FILE = YES;
				MARKETING_VERSION = 1.0;
				PRODUCT_BUNDLE_IDENTIFIER = com.brycekormylo.StageUITests;
				PRODUCT_NAME = "$(TARGET_NAME)";
				SWIFT_EMIT_LOC_STRINGS = NO;
				SWIFT_VERSION = 5.0;
				TARGETED_DEVICE_FAMILY = "1,2";
				TEST_TARGET_NAME = Stage;
			};
			name = Release;
		};
/* End XCBuildConfiguration section */

/* Begin XCConfigurationList section */
		02FC79F72AF428420043FA48 /* Build configuration list for PBXProject "Stage" */ = {
			isa = XCConfigurationList;
			buildConfigurations = (
				02FC7A1E2AF428430043FA48 /* Debug */,
				02FC7A1F2AF428430043FA48 /* Release */,
			);
			defaultConfigurationIsVisible = 0;
			defaultConfigurationName = Release;
		};
		02FC7A202AF428430043FA48 /* Build configuration list for PBXNativeTarget "Stage" */ = {
			isa = XCConfigurationList;
			buildConfigurations = (
				02FC7A212AF428430043FA48 /* Debug */,
				02FC7A222AF428430043FA48 /* Release */,
			);
			defaultConfigurationIsVisible = 0;
			defaultConfigurationName = Release;
		};
		02FC7A232AF428430043FA48 /* Build configuration list for PBXNativeTarget "StageTests" */ = {
			isa = XCConfigurationList;
			buildConfigurations = (
				02FC7A242AF428430043FA48 /* Debug */,
				02FC7A252AF428430043FA48 /* Release */,
			);
			defaultConfigurationIsVisible = 0;
			defaultConfigurationName = Release;
		};
		02FC7A262AF428430043FA48 /* Build configuration list for PBXNativeTarget "StageUITests" */ = {
			isa = XCConfigurationList;
			buildConfigurations = (
				02FC7A272AF428430043FA48 /* Debug */,
				02FC7A282AF428430043FA48 /* Release */,
			);
			defaultConfigurationIsVisible = 0;
			defaultConfigurationName = Release;
		};
/* End XCConfigurationList section */

/* Begin XCRemoteSwiftPackageReference section */
		02FC7A702AF448EB0043FA48 /* XCRemoteSwiftPackageReference "supabase-swift" */ = {
			isa = XCRemoteSwiftPackageReference;
			repositoryURL = "https://github.com/supabase/supabase-swift.git";
			requirement = {
				kind = upToNextMajorVersion;
				minimumVersion = 0.3.0;
			};
		};
/* End XCRemoteSwiftPackageReference section */

/* Begin XCSwiftPackageProductDependency section */
		02FC7A712AF448EB0043FA48 /* Supabase */ = {
			isa = XCSwiftPackageProductDependency;
			package = 02FC7A702AF448EB0043FA48 /* XCRemoteSwiftPackageReference "supabase-swift" */;
			productName = Supabase;
		};
/* End XCSwiftPackageProductDependency section */
	};
	rootObject = 02FC79F42AF428420043FA48 /* Project object */;
}
